
Microsoft Visual Studio Solution File, Format Version 12.00
# Visual Studio 14
VisualStudioVersion = 14.0.25420.1
MinimumVisualStudioVersion = 10.0.40219.1
Project("{FAE04EC0-301F-11D3-BF4B-00C04F79EFBC}") = "TeamSynDeviceAndTask", "TeamSynDeviceAndTask\TeamSynDeviceAndTask.csproj", "{5A8B9C97-7D28-484F-B982-8D7DB82EFEBB}"
EndProject
Project("{FAE04EC0-301F-11D3-BF4B-00C04F79EFBC}") = "TeamSynCapacityAndTrend", "TeamSynCapacityAndTrend\TeamSynCapacityAndTrend.csproj", "{FF6B9253-7E4D-49CF-9504-10E2CB52D43B}"
EndProject
Project("{FAE04EC0-301F-11D3-BF4B-00C04F79EFBC}") = "SynBusinessOverview", "SynBusinessOverview\SynBusinessOverview.csproj", "{00ED1323-8E76-449B-8130-825A07F8AA76}"
EndProject
Project("{FAE04EC0-301F-11D3-BF4B-00C04F79EFBC}") = "SynProductionManageHome", "SynProductionManageHome\SynProductionManageHome.csproj", "{CEB9F891-CDF6-4991-A9B9-0D5AF416E924}"
EndProject
Project("{FAE04EC0-301F-11D3-BF4B-00C04F79EFBC}") = "SynEngineeringHomepage", "SynEngineeringHomepage\SynEngineeringHomepage.csproj", "{95593A6E-1AF6-4270-A8E4-AFDB323A5C1F}"
EndProject
Project("{FAE04EC0-301F-11D3-BF4B-00C04F79EFBC}") = "SynQualityEngineering", "SynQualityEngineering\SynQualityEngineering.csproj", "{20CE0D1A-9EC7-4912-9652-567F8FD33F8A}"
EndProject
Project("{FAE04EC0-301F-11D3-BF4B-00C04F79EFBC}") = "SynRunningState", "SynRunningState\SynRunningState.csproj", "{F4D2735A-C95E-4233-BB44-348E86BE431B}"
EndProject
Project("{FAE04EC0-301F-11D3-BF4B-00C04F79EFBC}") = "SynDataAcquisition", "SynDataAcquisition\SynDataAcquisition.csproj", "{CE24F707-5A9D-4691-81EB-E973D2981D40}"
EndProject
Global
	GlobalSection(SolutionConfigurationPlatforms) = preSolution
		Debug|Any CPU = Debug|Any CPU
		Release|Any CPU = Release|Any CPU
	EndGlobalSection
	GlobalSection(ProjectConfigurationPlatforms) = postSolution
		{5A8B9C97-7D28-484F-B982-8D7DB82EFEBB}.Debug|Any CPU.ActiveCfg = Debug|Any CPU
		{5A8B9C97-7D28-484F-B982-8D7DB82EFEBB}.Debug|Any CPU.Build.0 = Debug|Any CPU
		{5A8B9C97-7D28-484F-B982-8D7DB82EFEBB}.Release|Any CPU.ActiveCfg = Release|Any CPU
		{5A8B9C97-7D28-484F-B982-8D7DB82EFEBB}.Release|Any CPU.Build.0 = Release|Any CPU
		{FF6B9253-7E4D-49CF-9504-10E2CB52D43B}.Debug|Any CPU.ActiveCfg = Debug|Any CPU
		{FF6B9253-7E4D-49CF-9504-10E2CB52D43B}.Debug|Any CPU.Build.0 = Debug|Any CPU
		{FF6B9253-7E4D-49CF-9504-10E2CB52D43B}.Release|Any CPU.ActiveCfg = Release|Any CPU
		{FF6B9253-7E4D-49CF-9504-10E2CB52D43B}.Release|Any CPU.Build.0 = Release|Any CPU
		{00ED1323-8E76-449B-8130-825A07F8AA76}.Debug|Any CPU.ActiveCfg = Debug|Any CPU
		{00ED1323-8E76-449B-8130-825A07F8AA76}.Debug|Any CPU.Build.0 = Debug|Any CPU
		{00ED1323-8E76-449B-8130-825A07F8AA76}.Release|Any CPU.ActiveCfg = Release|Any CPU
		{00ED1323-8E76-449B-8130-825A07F8AA76}.Release|Any CPU.Build.0 = Release|Any CPU
		{CEB9F891-CDF6-4991-A9B9-0D5AF416E924}.Debug|Any CPU.ActiveCfg = Debug|Any CPU
		{CEB9F891-CDF6-4991-A9B9-0D5AF416E924}.Debug|Any CPU.Build.0 = Debug|Any CPU
		{CEB9F891-CDF6-4991-A9B9-0D5AF416E924}.Release|Any CPU.ActiveCfg = Release|Any CPU
		{CEB9F891-CDF6-4991-A9B9-0D5AF416E924}.Release|Any CPU.Build.0 = Release|Any CPU
		{95593A6E-1AF6-4270-A8E4-AFDB323A5C1F}.Debug|Any CPU.ActiveCfg = Debug|Any CPU
		{95593A6E-1AF6-4270-A8E4-AFDB323A5C1F}.Debug|Any CPU.Build.0 = Debug|Any CPU
		{95593A6E-1AF6-4270-A8E4-AFDB323A5C1F}.Release|Any CPU.ActiveCfg = Release|Any CPU
		{95593A6E-1AF6-4270-A8E4-AFDB323A5C1F}.Release|Any CPU.Build.0 = Release|Any CPU
		{20CE0D1A-9EC7-4912-9652-567F8FD33F8A}.Debug|Any CPU.ActiveCfg = Debug|Any CPU
		{20CE0D1A-9EC7-4912-9652-567F8FD33F8A}.Debug|Any CPU.Build.0 = Debug|Any CPU
		{20CE0D1A-9EC7-4912-9652-567F8FD33F8A}.Release|Any CPU.ActiveCfg = Release|Any CPU
		{20CE0D1A-9EC7-4912-9652-567F8FD33F8A}.Release|Any CPU.Build.0 = Release|Any CPU
		{F4D2735A-C95E-4233-BB44-348E86BE431B}.Debug|Any CPU.ActiveCfg = Debug|Any CPU
		{F4D2735A-C95E-4233-BB44-348E86BE431B}.Debug|Any CPU.Build.0 = Debug|Any CPU
		{F4D2735A-C95E-4233-BB44-348E86BE431B}.Release|Any CPU.ActiveCfg = Release|Any CPU
		{F4D2735A-C95E-4233-BB44-348E86BE431B}.Release|Any CPU.Build.0 = Release|Any CPU
		{CE24F707-5A9D-4691-81EB-E973D2981D40}.Debug|Any CPU.ActiveCfg = Debug|Any CPU
		{CE24F707-5A9D-4691-81EB-E973D2981D40}.Debug|Any CPU.Build.0 = Debug|Any CPU
		{CE24F707-5A9D-4691-81EB-E973D2981D40}.Release|Any CPU.ActiveCfg = Release|Any CPU
		{CE24F707-5A9D-4691-81EB-E973D2981D40}.Release|Any CPU.Build.0 = Release|Any CPU
	EndGlobalSection
	GlobalSection(SolutionProperties) = preSolution
		HideSolutionNode = FALSE
	EndGlobalSection
EndGlobal
